
Microsoft Visual Studio Solution File, Format Version 12.00
# Visual Studio Version 16
VisualStudioVersion = 16.0.29911.84
MinimumVisualStudioVersion = 10.0.40219.1
Project("{9A19103F-16F7-4668-BE54-9A1E7A4F7556}") = "Weekdays", "Weekdays\Weekdays.csproj", "{CFF52EC1-855C-478E-9B57-BFCA8515E099}"
EndProject
Project("{9092AA53-FB77-4645-B42D-1CCCA6BD08BD}") = "WeekdaysWeb", "WeekdaysWeb\WeekdaysWeb.njsproj", "{B15E4C67-8048-4CEB-80C5-CBFF671DBD42}"
EndProject
Project("{9A19103F-16F7-4668-BE54-9A1E7A4F7556}") = "WeekdaysTests", "WeekdaysTests\WeekdaysTests.csproj", "{4F6D5266-62D5-4A45-9CA0-123E78936C29}"
EndProject
Global
	GlobalSection(SolutionConfigurationPlatforms) = preSolution
		Debug|Any CPU = Debug|Any CPU
		Release|Any CPU = Release|Any CPU
	EndGlobalSection
	GlobalSection(ProjectConfigurationPlatforms) = postSolution
		{CFF52EC1-855C-478E-9B57-BFCA8515E099}.Debug|Any CPU.ActiveCfg = Debug|Any CPU
		{CFF52EC1-855C-478E-9B57-BFCA8515E099}.Debug|Any CPU.Build.0 = Debug|Any CPU
		{CFF52EC1-855C-478E-9B57-BFCA8515E099}.Release|Any CPU.ActiveCfg = Release|Any CPU
		{CFF52EC1-855C-478E-9B57-BFCA8515E099}.Release|Any CPU.Build.0 = Release|Any CPU
		{B15E4C67-8048-4CEB-80C5-CBFF671DBD42}.Debug|Any CPU.ActiveCfg = Debug|Any CPU
		{B15E4C67-8048-4CEB-80C5-CBFF671DBD42}.Debug|Any CPU.Build.0 = Debug|Any CPU
		{B15E4C67-8048-4CEB-80C5-CBFF671DBD42}.Release|Any CPU.ActiveCfg = Release|Any CPU
		{B15E4C67-8048-4CEB-80C5-CBFF671DBD42}.Release|Any CPU.Build.0 = Release|Any CPU
		{4F6D5266-62D5-4A45-9CA0-123E78936C29}.Debug|Any CPU.ActiveCfg = Debug|Any CPU
		{4F6D5266-62D5-4A45-9CA0-123E78936C29}.Debug|Any CPU.Build.0 = Debug|Any CPU
		{4F6D5266-62D5-4A45-9CA0-123E78936C29}.Release|Any CPU.ActiveCfg = Release|Any CPU
		{4F6D5266-62D5-4A45-9CA0-123E78936C29}.Release|Any CPU.Build.0 = Release|Any CPU
	EndGlobalSection
	GlobalSection(SolutionProperties) = preSolution
		HideSolutionNode = FALSE
	EndGlobalSection
	GlobalSection(ExtensibilityGlobals) = postSolution
		SolutionGuid = {45031DF3-00D9-4D87-A2E4-3F5168E975BE}
	EndGlobalSection
EndGlobal
